
Microsoft Visual Studio Solution File, Format Version 12.00
# Visual Studio Version 17
VisualStudioVersion = 17.11.35208.52
MinimumVisualStudioVersion = 10.0.40219.1
Project("{9A19103F-16F7-4668-BE54-9A1E7A4F7556}") = "FogachoABurguer2", "FogachoABurguer2.csproj", "{3192E04C-63B1-42CC-BA96-4A1D9F06680D}"
EndProject
Project("{FAE04EC0-301F-11D3-BF4B-00C04F79EFBC}") = "FogachoAPI", "..\FogachoAPI\FogachoAPI.csproj", "{1F2626B2-33AB-4738-A53B-B5576A022815}"
EndProject
Project("{FAE04EC0-301F-11D3-BF4B-00C04F79EFBC}") = "FogachoMAUI", "..\FogachoMAUI\FogachoMAUI.csproj", "{8A9D0577-F936-49C9-B6AF-2D34E611BD45}"
EndProject
Global
	GlobalSection(SolutionConfigurationPlatforms) = preSolution
		Debug|Any CPU = Debug|Any CPU
		Release|Any CPU = Release|Any CPU
	EndGlobalSection
	GlobalSection(ProjectConfigurationPlatforms) = postSolution
		{3192E04C-63B1-42CC-BA96-4A1D9F06680D}.Debug|Any CPU.ActiveCfg = Debug|Any CPU
		{3192E04C-63B1-42CC-BA96-4A1D9F06680D}.Debug|Any CPU.Build.0 = Debug|Any CPU
		{3192E04C-63B1-42CC-BA96-4A1D9F06680D}.Release|Any CPU.ActiveCfg = Release|Any CPU
		{3192E04C-63B1-42CC-BA96-4A1D9F06680D}.Release|Any CPU.Build.0 = Release|Any CPU
		{1F2626B2-33AB-4738-A53B-B5576A022815}.Debug|Any CPU.ActiveCfg = Debug|Any CPU
		{1F2626B2-33AB-4738-A53B-B5576A022815}.Debug|Any CPU.Build.0 = Debug|Any CPU
		{1F2626B2-33AB-4738-A53B-B5576A022815}.Release|Any CPU.ActiveCfg = Release|Any CPU
		{1F2626B2-33AB-4738-A53B-B5576A022815}.Release|Any CPU.Build.0 = Release|Any CPU
		{8A9D0577-F936-49C9-B6AF-2D34E611BD45}.Debug|Any CPU.ActiveCfg = Debug|Any CPU
		{8A9D0577-F936-49C9-B6AF-2D34E611BD45}.Debug|Any CPU.Build.0 = Debug|Any CPU
		{8A9D0577-F936-49C9-B6AF-2D34E611BD45}.Debug|Any CPU.Deploy.0 = Debug|Any CPU
		{8A9D0577-F936-49C9-B6AF-2D34E611BD45}.Release|Any CPU.ActiveCfg = Release|Any CPU
		{8A9D0577-F936-49C9-B6AF-2D34E611BD45}.Release|Any CPU.Build.0 = Release|Any CPU
		{8A9D0577-F936-49C9-B6AF-2D34E611BD45}.Release|Any CPU.Deploy.0 = Release|Any CPU
	EndGlobalSection
	GlobalSection(SolutionProperties) = preSolution
		HideSolutionNode = FALSE
	EndGlobalSection
	GlobalSection(ExtensibilityGlobals) = postSolution
		SolutionGuid = {E995B3CA-139C-4670-94CE-B7C2C25ED69E}
	EndGlobalSection
EndGlobal
