
Microsoft Visual Studio Solution File, Format Version 12.00
# Visual Studio Version 17
VisualStudioVersion = 17.11.35208.52
MinimumVisualStudioVersion = 10.0.40219.1
Project("{FAE04EC0-301F-11D3-BF4B-00C04F79EFBC}") = "FogachoABurguer2", "FogachoABurguer2.csproj", "{3192E04C-63B1-42CC-BA96-4A1D9F06680D}"
EndProject
Global
	GlobalSection(SolutionConfigurationPlatforms) = preSolution
		Debug|Any CPU = Debug|Any CPU
		Release|Any CPU = Release|Any CPU
	EndGlobalSection
	GlobalSection(ProjectConfigurationPlatforms) = postSolution
		{3192E04C-63B1-42CC-BA96-4A1D9F06680D}.Debug|Any CPU.ActiveCfg = Debug|Any CPU
		{3192E04C-63B1-42CC-BA96-4A1D9F06680D}.Debug|Any CPU.Build.0 = Debug|Any CPU
		{3192E04C-63B1-42CC-BA96-4A1D9F06680D}.Release|Any CPU.ActiveCfg = Release|Any CPU
		{3192E04C-63B1-42CC-BA96-4A1D9F06680D}.Release|Any CPU.Build.0 = Release|Any CPU
	EndGlobalSection
	GlobalSection(SolutionProperties) = preSolution
		HideSolutionNode = FALSE
	EndGlobalSection
	GlobalSection(ExtensibilityGlobals) = postSolution
		SolutionGuid = {E995B3CA-139C-4670-94CE-B7C2C25ED69E}
	EndGlobalSection
EndGlobal
